
Microsoft Visual Studio Solution File, Format Version 12.00
# Visual Studio Version 17
VisualStudioVersion = 17.7.33808.371
MinimumVisualStudioVersion = 10.0.40219.1
Project("{2150E333-8FDC-42A3-9474-1A3956D46DE8}") = "Services", "Services", "{948B64FF-2A0F-48D8-84FC-89AA3FBB3164}"
EndProject
Project("{2150E333-8FDC-42A3-9474-1A3956D46DE8}") = "Catalog", "Catalog", "{BA5C1000-3DD5-468C-8639-ED3B572018E1}"
EndProject
Project("{9A19103F-16F7-4668-BE54-9A1E7A4F7556}") = "Catalog.API", "Services\Catalog\Catalog.API\Catalog.API.csproj", "{FEE7F203-778F-4029-A963-073BCB43CA70}"
EndProject
Project("{E53339B2-1760-4266-BCC7-CA923CBCF16C}") = "docker-compose", "docker-compose.dcproj", "{75E317B3-4CF8-4EAF-AA76-BD66F856CBED}"
EndProject
Project("{2150E333-8FDC-42A3-9474-1A3956D46DE8}") = "Basket", "Basket", "{75C04A7E-C902-4AB4-8413-AE5812D96493}"
EndProject
Project("{9A19103F-16F7-4668-BE54-9A1E7A4F7556}") = "Basket.API", "Services\Basket\Basket.API\Basket.API.csproj", "{71223A1A-6F87-411B-AA14-B3295060B050}"
EndProject
Project("{2150E333-8FDC-42A3-9474-1A3956D46DE8}") = "Discount", "Discount", "{33CCC6BB-D4F9-4F98-9A07-CAC1290ED324}"
EndProject
Project("{FAE04EC0-301F-11D3-BF4B-00C04F79EFBC}") = "Discount.API", "Services\Discount\Discount.API\Discount.API.csproj", "{194A7F01-7E84-4D7A-A6BA-306B6C725AD0}"
EndProject
Project("{FAE04EC0-301F-11D3-BF4B-00C04F79EFBC}") = "Discount.gRPC", "Services\Discount\Discount.gRPC\Discount.gRPC.csproj", "{DC7BFDBF-D740-429D-92FE-00B328017ED3}"
EndProject
Project("{2150E333-8FDC-42A3-9474-1A3956D46DE8}") = "Ordering", "Ordering", "{DD9303D1-513C-4853-A4BA-07392FB6A931}"
EndProject
Project("{FAE04EC0-301F-11D3-BF4B-00C04F79EFBC}") = "Ordering.API", "Services\Ordering\Ordering.API\Ordering.API.csproj", "{2DF3CCF8-72C2-4AEE-B036-375F103BDB08}"
EndProject
Project("{FAE04EC0-301F-11D3-BF4B-00C04F79EFBC}") = "Ordering.Domain", "Services\Ordering\Ordering.Domain\Ordering.Domain.csproj", "{C00CE777-E51D-4B5B-9880-A2E6696AC5E2}"
EndProject
Project("{FAE04EC0-301F-11D3-BF4B-00C04F79EFBC}") = "Ordering.Application", "Services\Ordering\Ordering.Application\Ordering.Application.csproj", "{DEADF8DA-F5EE-410B-B370-238386E794C1}"
EndProject
Project("{FAE04EC0-301F-11D3-BF4B-00C04F79EFBC}") = "Ordering.Infrastructure", "Services\Ordering\Ordering.Infrastructure\Ordering.Infrastructure.csproj", "{8962AD76-20F9-492E-B945-B78A100D198E}"
EndProject
Global
	GlobalSection(SolutionConfigurationPlatforms) = preSolution
		Debug|Any CPU = Debug|Any CPU
		Release|Any CPU = Release|Any CPU
	EndGlobalSection
	GlobalSection(ProjectConfigurationPlatforms) = postSolution
		{FEE7F203-778F-4029-A963-073BCB43CA70}.Debug|Any CPU.ActiveCfg = Debug|Any CPU
		{FEE7F203-778F-4029-A963-073BCB43CA70}.Debug|Any CPU.Build.0 = Debug|Any CPU
		{FEE7F203-778F-4029-A963-073BCB43CA70}.Release|Any CPU.ActiveCfg = Release|Any CPU
		{FEE7F203-778F-4029-A963-073BCB43CA70}.Release|Any CPU.Build.0 = Release|Any CPU
		{75E317B3-4CF8-4EAF-AA76-BD66F856CBED}.Debug|Any CPU.ActiveCfg = Debug|Any CPU
		{75E317B3-4CF8-4EAF-AA76-BD66F856CBED}.Debug|Any CPU.Build.0 = Debug|Any CPU
		{75E317B3-4CF8-4EAF-AA76-BD66F856CBED}.Release|Any CPU.ActiveCfg = Release|Any CPU
		{75E317B3-4CF8-4EAF-AA76-BD66F856CBED}.Release|Any CPU.Build.0 = Release|Any CPU
		{71223A1A-6F87-411B-AA14-B3295060B050}.Debug|Any CPU.ActiveCfg = Debug|Any CPU
		{71223A1A-6F87-411B-AA14-B3295060B050}.Debug|Any CPU.Build.0 = Debug|Any CPU
		{71223A1A-6F87-411B-AA14-B3295060B050}.Release|Any CPU.ActiveCfg = Release|Any CPU
		{71223A1A-6F87-411B-AA14-B3295060B050}.Release|Any CPU.Build.0 = Release|Any CPU
		{194A7F01-7E84-4D7A-A6BA-306B6C725AD0}.Debug|Any CPU.ActiveCfg = Debug|Any CPU
		{194A7F01-7E84-4D7A-A6BA-306B6C725AD0}.Debug|Any CPU.Build.0 = Debug|Any CPU
		{194A7F01-7E84-4D7A-A6BA-306B6C725AD0}.Release|Any CPU.ActiveCfg = Release|Any CPU
		{194A7F01-7E84-4D7A-A6BA-306B6C725AD0}.Release|Any CPU.Build.0 = Release|Any CPU
		{DC7BFDBF-D740-429D-92FE-00B328017ED3}.Debug|Any CPU.ActiveCfg = Debug|Any CPU
		{DC7BFDBF-D740-429D-92FE-00B328017ED3}.Debug|Any CPU.Build.0 = Debug|Any CPU
		{DC7BFDBF-D740-429D-92FE-00B328017ED3}.Release|Any CPU.ActiveCfg = Release|Any CPU
		{DC7BFDBF-D740-429D-92FE-00B328017ED3}.Release|Any CPU.Build.0 = Release|Any CPU
		{2DF3CCF8-72C2-4AEE-B036-375F103BDB08}.Debug|Any CPU.ActiveCfg = Debug|Any CPU
		{2DF3CCF8-72C2-4AEE-B036-375F103BDB08}.Debug|Any CPU.Build.0 = Debug|Any CPU
		{2DF3CCF8-72C2-4AEE-B036-375F103BDB08}.Release|Any CPU.ActiveCfg = Release|Any CPU
		{2DF3CCF8-72C2-4AEE-B036-375F103BDB08}.Release|Any CPU.Build.0 = Release|Any CPU
		{C00CE777-E51D-4B5B-9880-A2E6696AC5E2}.Debug|Any CPU.ActiveCfg = Debug|Any CPU
		{C00CE777-E51D-4B5B-9880-A2E6696AC5E2}.Debug|Any CPU.Build.0 = Debug|Any CPU
		{C00CE777-E51D-4B5B-9880-A2E6696AC5E2}.Release|Any CPU.ActiveCfg = Release|Any CPU
		{C00CE777-E51D-4B5B-9880-A2E6696AC5E2}.Release|Any CPU.Build.0 = Release|Any CPU
		{DEADF8DA-F5EE-410B-B370-238386E794C1}.Debug|Any CPU.ActiveCfg = Debug|Any CPU
		{DEADF8DA-F5EE-410B-B370-238386E794C1}.Debug|Any CPU.Build.0 = Debug|Any CPU
		{DEADF8DA-F5EE-410B-B370-238386E794C1}.Release|Any CPU.ActiveCfg = Release|Any CPU
		{DEADF8DA-F5EE-410B-B370-238386E794C1}.Release|Any CPU.Build.0 = Release|Any CPU
		{8962AD76-20F9-492E-B945-B78A100D198E}.Debug|Any CPU.ActiveCfg = Debug|Any CPU
		{8962AD76-20F9-492E-B945-B78A100D198E}.Debug|Any CPU.Build.0 = Debug|Any CPU
		{8962AD76-20F9-492E-B945-B78A100D198E}.Release|Any CPU.ActiveCfg = Release|Any CPU
		{8962AD76-20F9-492E-B945-B78A100D198E}.Release|Any CPU.Build.0 = Release|Any CPU
	EndGlobalSection
	GlobalSection(SolutionProperties) = preSolution
		HideSolutionNode = FALSE
	EndGlobalSection
	GlobalSection(NestedProjects) = preSolution
		{BA5C1000-3DD5-468C-8639-ED3B572018E1} = {948B64FF-2A0F-48D8-84FC-89AA3FBB3164}
		{FEE7F203-778F-4029-A963-073BCB43CA70} = {BA5C1000-3DD5-468C-8639-ED3B572018E1}
		{75C04A7E-C902-4AB4-8413-AE5812D96493} = {948B64FF-2A0F-48D8-84FC-89AA3FBB3164}
		{71223A1A-6F87-411B-AA14-B3295060B050} = {75C04A7E-C902-4AB4-8413-AE5812D96493}
		{33CCC6BB-D4F9-4F98-9A07-CAC1290ED324} = {948B64FF-2A0F-48D8-84FC-89AA3FBB3164}
		{194A7F01-7E84-4D7A-A6BA-306B6C725AD0} = {33CCC6BB-D4F9-4F98-9A07-CAC1290ED324}
		{DC7BFDBF-D740-429D-92FE-00B328017ED3} = {33CCC6BB-D4F9-4F98-9A07-CAC1290ED324}
		{DD9303D1-513C-4853-A4BA-07392FB6A931} = {948B64FF-2A0F-48D8-84FC-89AA3FBB3164}
		{2DF3CCF8-72C2-4AEE-B036-375F103BDB08} = {DD9303D1-513C-4853-A4BA-07392FB6A931}
		{C00CE777-E51D-4B5B-9880-A2E6696AC5E2} = {DD9303D1-513C-4853-A4BA-07392FB6A931}
		{DEADF8DA-F5EE-410B-B370-238386E794C1} = {DD9303D1-513C-4853-A4BA-07392FB6A931}
		{8962AD76-20F9-492E-B945-B78A100D198E} = {DD9303D1-513C-4853-A4BA-07392FB6A931}
	EndGlobalSection
	GlobalSection(ExtensibilityGlobals) = postSolution
		SolutionGuid = {9EF58CBC-8A9A-4461-81BB-798D67F957E9}
	EndGlobalSection
EndGlobal
